
Microsoft Visual Studio Solution File, Format Version 12.00
# Visual Studio Version 17
VisualStudioVersion = 17.5.33516.290
MinimumVisualStudioVersion = 10.0.40219.1
Project("{FAE04EC0-301F-11D3-BF4B-00C04F79EFBC}") = "Final", "Final\Final.csproj", "{84CFD91B-50C2-4B7A-B300-ABF4704C8277}"
EndProject
Global
	GlobalSection(SolutionConfigurationPlatforms) = preSolution
		Debug|Any CPU = Debug|Any CPU
		Release|Any CPU = Release|Any CPU
	EndGlobalSection
	GlobalSection(ProjectConfigurationPlatforms) = postSolution
		{84CFD91B-50C2-4B7A-B300-ABF4704C8277}.Debug|Any CPU.ActiveCfg = Debug|Any CPU
		{84CFD91B-50C2-4B7A-B300-ABF4704C8277}.Debug|Any CPU.Build.0 = Debug|Any CPU
		{84CFD91B-50C2-4B7A-B300-ABF4704C8277}.Release|Any CPU.ActiveCfg = Release|Any CPU
		{84CFD91B-50C2-4B7A-B300-ABF4704C8277}.Release|Any CPU.Build.0 = Release|Any CPU
	EndGlobalSection
	GlobalSection(SolutionProperties) = preSolution
		HideSolutionNode = FALSE
	EndGlobalSection
	GlobalSection(ExtensibilityGlobals) = postSolution
		SolutionGuid = {4AFDB0DD-F0F1-4F9B-B169-D75431A099D5}
	EndGlobalSection
EndGlobal
